
Microsoft Visual Studio Solution File, Format Version 12.00
# Visual Studio Version 16
VisualStudioVersion = 16.0.31025.194
MinimumVisualStudioVersion = 10.0.40219.1
Project("{FAE04EC0-301F-11D3-BF4B-00C04F79EFBC}") = "Telegram_analize_v2", "Telegram_analize_v2.csproj", "{FE565D6E-CBAB-4303-96F9-6E68C9354FBE}"
EndProject
Global
	GlobalSection(SolutionConfigurationPlatforms) = preSolution
		Debug|Any CPU = Debug|Any CPU
		Release|Any CPU = Release|Any CPU
	EndGlobalSection
	GlobalSection(ProjectConfigurationPlatforms) = postSolution
		{FE565D6E-CBAB-4303-96F9-6E68C9354FBE}.Debug|Any CPU.ActiveCfg = Debug|Any CPU
		{FE565D6E-CBAB-4303-96F9-6E68C9354FBE}.Debug|Any CPU.Build.0 = Debug|Any CPU
		{FE565D6E-CBAB-4303-96F9-6E68C9354FBE}.Release|Any CPU.ActiveCfg = Release|Any CPU
		{FE565D6E-CBAB-4303-96F9-6E68C9354FBE}.Release|Any CPU.Build.0 = Release|Any CPU
	EndGlobalSection
	GlobalSection(SolutionProperties) = preSolution
		HideSolutionNode = FALSE
	EndGlobalSection
	GlobalSection(ExtensibilityGlobals) = postSolution
		SolutionGuid = {2D70371A-367B-4372-9BD7-00912569D2FE}
	EndGlobalSection
EndGlobal
